// !$*UTF8*$!
{
	archiveVersion = 1;
	classes = {
	};
	objectVersion = 56;
	objects = {

/* Begin PBXBuildFile section */
		7470FFAC2B89E2A900AD43A5 /* jz5880_hw7_q1.cpp in Sources */ = {isa = PBXBuildFile; fileRef = 7470FFAB2B89E2A900AD43A5 /* jz5880_hw7_q1.cpp */; };
		7470FFB32B8CA88F00AD43A5 /* jz5880_hw7_q2.cpp in Sources */ = {isa = PBXBuildFile; fileRef = 7470FFB22B8CA88F00AD43A5 /* jz5880_hw7_q2.cpp */; };
		7470FFB52B8D80DF00AD43A5 /* jz5880_hw7_q3.cpp in Sources */ = {isa = PBXBuildFile; fileRef = 7470FFB42B8D80DF00AD43A5 /* jz5880_hw7_q3.cpp */; };
		7470FFB72B8D80ED00AD43A5 /* jz5880_hw7_q4.cpp in Sources */ = {isa = PBXBuildFile; fileRef = 7470FFB62B8D80ED00AD43A5 /* jz5880_hw7_q4.cpp */; };
		7470FFB92B8D80FC00AD43A5 /* jz5880_hw7_q5.cpp in Sources */ = {isa = PBXBuildFile; fileRef = 7470FFB82B8D80FC00AD43A5 /* jz5880_hw7_q5.cpp */; };
		7470FFBB2B8D810900AD43A5 /* jz5880_hw7_q6.cpp in Sources */ = {isa = PBXBuildFile; fileRef = 7470FFBA2B8D810900AD43A5 /* jz5880_hw7_q6.cpp */; };
		7470FFBD2B8D811800AD43A5 /* jz5880_hw7_q7.cpp in Sources */ = {isa = PBXBuildFile; fileRef = 7470FFBC2B8D811800AD43A5 /* jz5880_hw7_q7.cpp */; };
/* End PBXBuildFile section */

/* Begin PBXCopyFilesBuildPhase section */
		7470FFA62B89E2A900AD43A5 /* CopyFiles */ = {
			isa = PBXCopyFilesBuildPhase;
			buildActionMask = 2147483647;
			dstPath = /usr/share/man/man1/;
			dstSubfolderSpec = 0;
			files = (
			);
			runOnlyForDeploymentPostprocessing = 1;
		};
/* End PBXCopyFilesBuildPhase section */

/* Begin PBXFileReference section */
		7470FFA82B89E2A900AD43A5 /* HW7 */ = {isa = PBXFileReference; explicitFileType = "compiled.mach-o.executable"; includeInIndex = 0; path = HW7; sourceTree = BUILT_PRODUCTS_DIR; };
		7470FFAB2B89E2A900AD43A5 /* jz5880_hw7_q1.cpp */ = {isa = PBXFileReference; lastKnownFileType = sourcecode.cpp.cpp; path = jz5880_hw7_q1.cpp; sourceTree = "<group>"; };
		7470FFB22B8CA88F00AD43A5 /* jz5880_hw7_q2.cpp */ = {isa = PBXFileReference; lastKnownFileType = sourcecode.cpp.cpp; path = jz5880_hw7_q2.cpp; sourceTree = "<group>"; };
		7470FFB42B8D80DF00AD43A5 /* jz5880_hw7_q3.cpp */ = {isa = PBXFileReference; lastKnownFileType = sourcecode.cpp.cpp; path = jz5880_hw7_q3.cpp; sourceTree = "<group>"; };
		7470FFB62B8D80ED00AD43A5 /* jz5880_hw7_q4.cpp */ = {isa = PBXFileReference; lastKnownFileType = sourcecode.cpp.cpp; path = jz5880_hw7_q4.cpp; sourceTree = "<group>"; };
		7470FFB82B8D80FC00AD43A5 /* jz5880_hw7_q5.cpp */ = {isa = PBXFileReference; lastKnownFileType = sourcecode.cpp.cpp; path = jz5880_hw7_q5.cpp; sourceTree = "<group>"; };
		7470FFBA2B8D810900AD43A5 /* jz5880_hw7_q6.cpp */ = {isa = PBXFileReference; lastKnownFileType = sourcecode.cpp.cpp; path = jz5880_hw7_q6.cpp; sourceTree = "<group>"; };
		7470FFBC2B8D811800AD43A5 /* jz5880_hw7_q7.cpp */ = {isa = PBXFileReference; lastKnownFileType = sourcecode.cpp.cpp; path = jz5880_hw7_q7.cpp; sourceTree = "<group>"; };
/* End PBXFileReference section */

/* Begin PBXFrameworksBuildPhase section */
		7470FFA52B89E2A900AD43A5 /* Frameworks */ = {
			isa = PBXFrameworksBuildPhase;
			buildActionMask = 2147483647;
			files = (
			);
			runOnlyForDeploymentPostprocessing = 0;
		};
/* End PBXFrameworksBuildPhase section */

/* Begin PBXGroup section */
		7470FF9F2B89E2A900AD43A5 = {
			isa = PBXGroup;
			children = (
				7470FFAA2B89E2A900AD43A5 /* HW7 */,
				7470FFA92B89E2A900AD43A5 /* Products */,
			);
			sourceTree = "<group>";
		};
		7470FFA92B89E2A900AD43A5 /* Products */ = {
			isa = PBXGroup;
			children = (
				7470FFA82B89E2A900AD43A5 /* HW7 */,
			);
			name = Products;
			sourceTree = "<group>";
		};
		7470FFAA2B89E2A900AD43A5 /* HW7 */ = {
			isa = PBXGroup;
			children = (
				7470FFAB2B89E2A900AD43A5 /* jz5880_hw7_q1.cpp */,
				7470FFB22B8CA88F00AD43A5 /* jz5880_hw7_q2.cpp */,
				7470FFB42B8D80DF00AD43A5 /* jz5880_hw7_q3.cpp */,
				7470FFB62B8D80ED00AD43A5 /* jz5880_hw7_q4.cpp */,
				7470FFB82B8D80FC00AD43A5 /* jz5880_hw7_q5.cpp */,
				7470FFBA2B8D810900AD43A5 /* jz5880_hw7_q6.cpp */,
				7470FFBC2B8D811800AD43A5 /* jz5880_hw7_q7.cpp */,
			);
			path = HW7;
			sourceTree = "<group>";
		};
/* End PBXGroup section */

/* Begin PBXNativeTarget section */
		7470FFA72B89E2A900AD43A5 /* HW7 */ = {
			isa = PBXNativeTarget;
			buildConfigurationList = 7470FFAF2B89E2A900AD43A5 /* Build configuration list for PBXNativeTarget "HW7" */;
			buildPhases = (
				7470FFA42B89E2A900AD43A5 /* Sources */,
				7470FFA52B89E2A900AD43A5 /* Frameworks */,
				7470FFA62B89E2A900AD43A5 /* CopyFiles */,
			);
			buildRules = (
			);
			dependencies = (
			);
			name = HW7;
			productName = HW7;
			productReference = 7470FFA82B89E2A900AD43A5 /* HW7 */;
			productType = "com.apple.product-type.tool";
		};
/* End PBXNativeTarget section */

/* Begin PBXProject section */
		7470FFA02B89E2A900AD43A5 /* Project object */ = {
			isa = PBXProject;
			attributes = {
				BuildIndependentTargetsInParallel = 1;
				LastUpgradeCheck = 1430;
				TargetAttributes = {
					7470FFA72B89E2A900AD43A5 = {
						CreatedOnToolsVersion = 14.3;
					};
				};
			};
			buildConfigurationList = 7470FFA32B89E2A900AD43A5 /* Build configuration list for PBXProject "HW7" */;
			compatibilityVersion = "Xcode 14.0";
			developmentRegion = en;
			hasScannedForEncodings = 0;
			knownRegions = (
				en,
				Base,
			);
			mainGroup = 7470FF9F2B89E2A900AD43A5;
			productRefGroup = 7470FFA92B89E2A900AD43A5 /* Products */;
			projectDirPath = "";
			projectRoot = "";
			targets = (
				7470FFA72B89E2A900AD43A5 /* HW7 */,
			);
		};
/* End PBXProject section */

/* Begin PBXSourcesBuildPhase section */
		7470FFA42B89E2A900AD43A5 /* Sources */ = {
			isa = PBXSourcesBuildPhase;
			buildActionMask = 2147483647;
			files = (
				7470FFB72B8D80ED00AD43A5 /* jz5880_hw7_q4.cpp in Sources */,
				7470FFBD2B8D811800AD43A5 /* jz5880_hw7_q7.cpp in Sources */,
				7470FFB92B8D80FC00AD43A5 /* jz5880_hw7_q5.cpp in Sources */,
				7470FFBB2B8D810900AD43A5 /* jz5880_hw7_q6.cpp in Sources */,
				7470FFB32B8CA88F00AD43A5 /* jz5880_hw7_q2.cpp in Sources */,
				7470FFAC2B89E2A900AD43A5 /* jz5880_hw7_q1.cpp in Sources */,
				7470FFB52B8D80DF00AD43A5 /* jz5880_hw7_q3.cpp in Sources */,
			);
			runOnlyForDeploymentPostprocessing = 0;
		};
/* End PBXSourcesBuildPhase section */

/* Begin XCBuildConfiguration section */
		7470FFAD2B89E2A900AD43A5 /* Debug */ = {
			isa = XCBuildConfiguration;
			buildSettings = {
				ALWAYS_SEARCH_USER_PATHS = NO;
				CLANG_ANALYZER_NONNULL = YES;
				CLANG_ANALYZER_NUMBER_OBJECT_CONVERSION = YES_AGGRESSIVE;
				CLANG_CXX_LANGUAGE_STANDARD = "gnu++20";
				CLANG_ENABLE_MODULES = YES;
				CLANG_ENABLE_OBJC_ARC = YES;
				CLANG_ENABLE_OBJC_WEAK = YES;
				CLANG_WARN_BLOCK_CAPTURE_AUTORELEASING = YES;
				CLANG_WARN_BOOL_CONVERSION = YES;
				CLANG_WARN_COMMA = YES;
				CLANG_WARN_CONSTANT_CONVERSION = YES;
				CLANG_WARN_DEPRECATED_OBJC_IMPLEMENTATIONS = YES;
				CLANG_WARN_DIRECT_OBJC_ISA_USAGE = YES_ERROR;
				CLANG_WARN_DOCUMENTATION_COMMENTS = YES;
				CLANG_WARN_EMPTY_BODY = YES;
				CLANG_WARN_ENUM_CONVERSION = YES;
				CLANG_WARN_INFINITE_RECURSION = YES;
				CLANG_WARN_INT_CONVERSION = YES;
				CLANG_WARN_NON_LITERAL_NULL_CONVERSION = YES;
				CLANG_WARN_OBJC_IMPLICIT_RETAIN_SELF = YES;
				CLANG_WARN_OBJC_LITERAL_CONVERSION = YES;
				CLANG_WARN_OBJC_ROOT_CLASS = YES_ERROR;
				CLANG_WARN_QUOTED_INCLUDE_IN_FRAMEWORK_HEADER = YES;
				CLANG_WARN_RANGE_LOOP_ANALYSIS = YES;
				CLANG_WARN_STRICT_PROTOTYPES = YES;
				CLANG_WARN_SUSPICIOUS_MOVE = YES;
				CLANG_WARN_UNGUARDED_AVAILABILITY = YES_AGGRESSIVE;
				CLANG_WARN_UNREACHABLE_CODE = YES;
				CLANG_WARN__DUPLICATE_METHOD_MATCH = YES;
				COPY_PHASE_STRIP = NO;
				DEBUG_INFORMATION_FORMAT = dwarf;
				ENABLE_STRICT_OBJC_MSGSEND = YES;
				ENABLE_TESTABILITY = YES;
				GCC_C_LANGUAGE_STANDARD = gnu11;
				GCC_DYNAMIC_NO_PIC = NO;
				GCC_NO_COMMON_BLOCKS = YES;
				GCC_OPTIMIZATION_LEVEL = 0;
				GCC_PREPROCESSOR_DEFINITIONS = (
					"DEBUG=1",
					"$(inherited)",
				);
				GCC_WARN_64_TO_32_BIT_CONVERSION = YES;
				GCC_WARN_ABOUT_RETURN_TYPE = YES_ERROR;
				GCC_WARN_UNDECLARED_SELECTOR = YES;
				GCC_WARN_UNINITIALIZED_AUTOS = YES_AGGRESSIVE;
				GCC_WARN_UNUSED_FUNCTION = YES;
				GCC_WARN_UNUSED_VARIABLE = YES;
				MACOSX_DEPLOYMENT_TARGET = 13.3;
				MTL_ENABLE_DEBUG_INFO = INCLUDE_SOURCE;
				MTL_FAST_MATH = YES;
				ONLY_ACTIVE_ARCH = YES;
				SDKROOT = macosx;
			};
			name = Debug;
		};
		7470FFAE2B89E2A900AD43A5 /* Release */ = {
			isa = XCBuildConfiguration;
			buildSettings = {
				ALWAYS_SEARCH_USER_PATHS = NO;
				CLANG_ANALYZER_NONNULL = YES;
				CLANG_ANALYZER_NUMBER_OBJECT_CONVERSION = YES_AGGRESSIVE;
				CLANG_CXX_LANGUAGE_STANDARD = "gnu++20";
				CLANG_ENABLE_MODULES = YES;
				CLANG_ENABLE_OBJC_ARC = YES;
				CLANG_ENABLE_OBJC_WEAK = YES;
				CLANG_WARN_BLOCK_CAPTURE_AUTORELEASING = YES;
				CLANG_WARN_BOOL_CONVERSION = YES;
				CLANG_WARN_COMMA = YES;
				CLANG_WARN_CONSTANT_CONVERSION = YES;
				CLANG_WARN_DEPRECATED_OBJC_IMPLEMENTATIONS = YES;
				CLANG_WARN_DIRECT_OBJC_ISA_USAGE = YES_ERROR;
				CLANG_WARN_DOCUMENTATION_COMMENTS = YES;
				CLANG_WARN_EMPTY_BODY = YES;
				CLANG_WARN_ENUM_CONVERSION = YES;
				CLANG_WARN_INFINITE_RECURSION = YES;
				CLANG_WARN_INT_CONVERSION = YES;
				CLANG_WARN_NON_LITERAL_NULL_CONVERSION = YES;
				CLANG_WARN_OBJC_IMPLICIT_RETAIN_SELF = YES;
				CLANG_WARN_OBJC_LITERAL_CONVERSION = YES;
				CLANG_WARN_OBJC_ROOT_CLASS = YES_ERROR;
				CLANG_WARN_QUOTED_INCLUDE_IN_FRAMEWORK_HEADER = YES;
				CLANG_WARN_RANGE_LOOP_ANALYSIS = YES;
				CLANG_WARN_STRICT_PROTOTYPES = YES;
				CLANG_WARN_SUSPICIOUS_MOVE = YES;
				CLANG_WARN_UNGUARDED_AVAILABILITY = YES_AGGRESSIVE;
				CLANG_WARN_UNREACHABLE_CODE = YES;
				CLANG_WARN__DUPLICATE_METHOD_MATCH = YES;
				COPY_PHASE_STRIP = NO;
				DEBUG_INFORMATION_FORMAT = "dwarf-with-dsym";
				ENABLE_NS_ASSERTIONS = NO;
				ENABLE_STRICT_OBJC_MSGSEND = YES;
				GCC_C_LANGUAGE_STANDARD = gnu11;
				GCC_NO_COMMON_BLOCKS = YES;
				GCC_WARN_64_TO_32_BIT_CONVERSION = YES;
				GCC_WARN_ABOUT_RETURN_TYPE = YES_ERROR;
				GCC_WARN_UNDECLARED_SELECTOR = YES;
				GCC_WARN_UNINITIALIZED_AUTOS = YES_AGGRESSIVE;
				GCC_WARN_UNUSED_FUNCTION = YES;
				GCC_WARN_UNUSED_VARIABLE = YES;
				MACOSX_DEPLOYMENT_TARGET = 13.3;
				MTL_ENABLE_DEBUG_INFO = NO;
				MTL_FAST_MATH = YES;
				SDKROOT = macosx;
			};
			name = Release;
		};
		7470FFB02B89E2A900AD43A5 /* Debug */ = {
			isa = XCBuildConfiguration;
			buildSettings = {
				CODE_SIGN_STYLE = Automatic;
				PRODUCT_NAME = "$(TARGET_NAME)";
			};
			name = Debug;
		};
		7470FFB12B89E2A900AD43A5 /* Release */ = {
			isa = XCBuildConfiguration;
			buildSettings = {
				CODE_SIGN_STYLE = Automatic;
				PRODUCT_NAME = "$(TARGET_NAME)";
			};
			name = Release;
		};
/* End XCBuildConfiguration section */

/* Begin XCConfigurationList section */
		7470FFA32B89E2A900AD43A5 /* Build configuration list for PBXProject "HW7" */ = {
			isa = XCConfigurationList;
			buildConfigurations = (
				7470FFAD2B89E2A900AD43A5 /* Debug */,
				7470FFAE2B89E2A900AD43A5 /* Release */,
			);
			defaultConfigurationIsVisible = 0;
			defaultConfigurationName = Release;
		};
		7470FFAF2B89E2A900AD43A5 /* Build configuration list for PBXNativeTarget "HW7" */ = {
			isa = XCConfigurationList;
			buildConfigurations = (
				7470FFB02B89E2A900AD43A5 /* Debug */,
				7470FFB12B89E2A900AD43A5 /* Release */,
			);
			defaultConfigurationIsVisible = 0;
			defaultConfigurationName = Release;
		};
/* End XCConfigurationList section */
	};
	rootObject = 7470FFA02B89E2A900AD43A5 /* Project object */;
}
