// !$*UTF8*$!
{
	archiveVersion = 1;
	classes = {
	};
	objectVersion = 56;
	objects = {

/* Begin PBXBuildFile section */
		746B4C312B6990D8007AF739 /* jz5880_hw4_q1.cpp in Sources */ = {isa = PBXBuildFile; fileRef = 746B4C302B6990D8007AF739 /* jz5880_hw4_q1.cpp */; };
		746B4C382B699B2A007AF739 /* jz5880_hw4_q2.cpp in Sources */ = {isa = PBXBuildFile; fileRef = 746B4C372B699B2A007AF739 /* jz5880_hw4_q2.cpp */; };
		746B4C3A2B6A38F4007AF739 /* jz5880_hw4_q3.cpp in Sources */ = {isa = PBXBuildFile; fileRef = 746B4C392B6A38F4007AF739 /* jz5880_hw4_q3.cpp */; };
		746B4C3C2B6A3DDC007AF739 /* jz5880_hw4_q4.cpp in Sources */ = {isa = PBXBuildFile; fileRef = 746B4C3B2B6A3DDC007AF739 /* jz5880_hw4_q4.cpp */; };
		746B4C3E2B6A4CAD007AF739 /* jz5880_hw4_q5.cpp in Sources */ = {isa = PBXBuildFile; fileRef = 746B4C3D2B6A4CAD007AF739 /* jz5880_hw4_q5.cpp */; };
		746B4C402B6AD1F1007AF739 /* jz5880_hw4_q6.cpp in Sources */ = {isa = PBXBuildFile; fileRef = 746B4C3F2B6AD1F1007AF739 /* jz5880_hw4_q6.cpp */; };
		746B4C422B6ADF70007AF739 /* jz5880_hw4_q7.cpp in Sources */ = {isa = PBXBuildFile; fileRef = 746B4C412B6ADF70007AF739 /* jz5880_hw4_q7.cpp */; };
		746B4C442B6B1398007AF739 /* jz5880_hw4_q8.cpp in Sources */ = {isa = PBXBuildFile; fileRef = 746B4C432B6B1398007AF739 /* jz5880_hw4_q8.cpp */; };
/* End PBXBuildFile section */

/* Begin PBXCopyFilesBuildPhase section */
		746B4C2B2B6990D8007AF739 /* CopyFiles */ = {
			isa = PBXCopyFilesBuildPhase;
			buildActionMask = 2147483647;
			dstPath = /usr/share/man/man1/;
			dstSubfolderSpec = 0;
			files = (
			);
			runOnlyForDeploymentPostprocessing = 1;
		};
/* End PBXCopyFilesBuildPhase section */

/* Begin PBXFileReference section */
		746B4C2D2B6990D8007AF739 /* HW4 */ = {isa = PBXFileReference; explicitFileType = "compiled.mach-o.executable"; includeInIndex = 0; path = HW4; sourceTree = BUILT_PRODUCTS_DIR; };
		746B4C302B6990D8007AF739 /* jz5880_hw4_q1.cpp */ = {isa = PBXFileReference; lastKnownFileType = sourcecode.cpp.cpp; path = jz5880_hw4_q1.cpp; sourceTree = "<group>"; };
		746B4C372B699B2A007AF739 /* jz5880_hw4_q2.cpp */ = {isa = PBXFileReference; lastKnownFileType = sourcecode.cpp.cpp; path = jz5880_hw4_q2.cpp; sourceTree = "<group>"; };
		746B4C392B6A38F4007AF739 /* jz5880_hw4_q3.cpp */ = {isa = PBXFileReference; lastKnownFileType = sourcecode.cpp.cpp; path = jz5880_hw4_q3.cpp; sourceTree = "<group>"; };
		746B4C3B2B6A3DDC007AF739 /* jz5880_hw4_q4.cpp */ = {isa = PBXFileReference; lastKnownFileType = sourcecode.cpp.cpp; path = jz5880_hw4_q4.cpp; sourceTree = "<group>"; };
		746B4C3D2B6A4CAD007AF739 /* jz5880_hw4_q5.cpp */ = {isa = PBXFileReference; lastKnownFileType = sourcecode.cpp.cpp; path = jz5880_hw4_q5.cpp; sourceTree = "<group>"; };
		746B4C3F2B6AD1F1007AF739 /* jz5880_hw4_q6.cpp */ = {isa = PBXFileReference; lastKnownFileType = sourcecode.cpp.cpp; path = jz5880_hw4_q6.cpp; sourceTree = "<group>"; };
		746B4C412B6ADF70007AF739 /* jz5880_hw4_q7.cpp */ = {isa = PBXFileReference; lastKnownFileType = sourcecode.cpp.cpp; path = jz5880_hw4_q7.cpp; sourceTree = "<group>"; };
		746B4C432B6B1398007AF739 /* jz5880_hw4_q8.cpp */ = {isa = PBXFileReference; lastKnownFileType = sourcecode.cpp.cpp; path = jz5880_hw4_q8.cpp; sourceTree = "<group>"; };
/* End PBXFileReference section */

/* Begin PBXFrameworksBuildPhase section */
		746B4C2A2B6990D8007AF739 /* Frameworks */ = {
			isa = PBXFrameworksBuildPhase;
			buildActionMask = 2147483647;
			files = (
			);
			runOnlyForDeploymentPostprocessing = 0;
		};
/* End PBXFrameworksBuildPhase section */

/* Begin PBXGroup section */
		746B4C242B6990D8007AF739 = {
			isa = PBXGroup;
			children = (
				746B4C2F2B6990D8007AF739 /* HW4 */,
				746B4C2E2B6990D8007AF739 /* Products */,
			);
			sourceTree = "<group>";
		};
		746B4C2E2B6990D8007AF739 /* Products */ = {
			isa = PBXGroup;
			children = (
				746B4C2D2B6990D8007AF739 /* HW4 */,
			);
			name = Products;
			sourceTree = "<group>";
		};
		746B4C2F2B6990D8007AF739 /* HW4 */ = {
			isa = PBXGroup;
			children = (
				746B4C302B6990D8007AF739 /* jz5880_hw4_q1.cpp */,
				746B4C372B699B2A007AF739 /* jz5880_hw4_q2.cpp */,
				746B4C392B6A38F4007AF739 /* jz5880_hw4_q3.cpp */,
				746B4C3B2B6A3DDC007AF739 /* jz5880_hw4_q4.cpp */,
				746B4C3D2B6A4CAD007AF739 /* jz5880_hw4_q5.cpp */,
				746B4C3F2B6AD1F1007AF739 /* jz5880_hw4_q6.cpp */,
				746B4C412B6ADF70007AF739 /* jz5880_hw4_q7.cpp */,
				746B4C432B6B1398007AF739 /* jz5880_hw4_q8.cpp */,
			);
			path = HW4;
			sourceTree = "<group>";
		};
/* End PBXGroup section */

/* Begin PBXNativeTarget section */
		746B4C2C2B6990D8007AF739 /* HW4 */ = {
			isa = PBXNativeTarget;
			buildConfigurationList = 746B4C342B6990D8007AF739 /* Build configuration list for PBXNativeTarget "HW4" */;
			buildPhases = (
				746B4C292B6990D8007AF739 /* Sources */,
				746B4C2A2B6990D8007AF739 /* Frameworks */,
				746B4C2B2B6990D8007AF739 /* CopyFiles */,
			);
			buildRules = (
			);
			dependencies = (
			);
			name = HW4;
			productName = HW4;
			productReference = 746B4C2D2B6990D8007AF739 /* HW4 */;
			productType = "com.apple.product-type.tool";
		};
/* End PBXNativeTarget section */

/* Begin PBXProject section */
		746B4C252B6990D8007AF739 /* Project object */ = {
			isa = PBXProject;
			attributes = {
				BuildIndependentTargetsInParallel = 1;
				LastUpgradeCheck = 1430;
				TargetAttributes = {
					746B4C2C2B6990D8007AF739 = {
						CreatedOnToolsVersion = 14.3;
					};
				};
			};
			buildConfigurationList = 746B4C282B6990D8007AF739 /* Build configuration list for PBXProject "HW4" */;
			compatibilityVersion = "Xcode 14.0";
			developmentRegion = en;
			hasScannedForEncodings = 0;
			knownRegions = (
				en,
				Base,
			);
			mainGroup = 746B4C242B6990D8007AF739;
			productRefGroup = 746B4C2E2B6990D8007AF739 /* Products */;
			projectDirPath = "";
			projectRoot = "";
			targets = (
				746B4C2C2B6990D8007AF739 /* HW4 */,
			);
		};
/* End PBXProject section */

/* Begin PBXSourcesBuildPhase section */
		746B4C292B6990D8007AF739 /* Sources */ = {
			isa = PBXSourcesBuildPhase;
			buildActionMask = 2147483647;
			files = (
				746B4C422B6ADF70007AF739 /* jz5880_hw4_q7.cpp in Sources */,
				746B4C3A2B6A38F4007AF739 /* jz5880_hw4_q3.cpp in Sources */,
				746B4C3E2B6A4CAD007AF739 /* jz5880_hw4_q5.cpp in Sources */,
				746B4C312B6990D8007AF739 /* jz5880_hw4_q1.cpp in Sources */,
				746B4C402B6AD1F1007AF739 /* jz5880_hw4_q6.cpp in Sources */,
				746B4C442B6B1398007AF739 /* jz5880_hw4_q8.cpp in Sources */,
				746B4C3C2B6A3DDC007AF739 /* jz5880_hw4_q4.cpp in Sources */,
				746B4C382B699B2A007AF739 /* jz5880_hw4_q2.cpp in Sources */,
			);
			runOnlyForDeploymentPostprocessing = 0;
		};
/* End PBXSourcesBuildPhase section */

/* Begin XCBuildConfiguration section */
		746B4C322B6990D8007AF739 /* Debug */ = {
			isa = XCBuildConfiguration;
			buildSettings = {
				ALWAYS_SEARCH_USER_PATHS = NO;
				CLANG_ANALYZER_NONNULL = YES;
				CLANG_ANALYZER_NUMBER_OBJECT_CONVERSION = YES_AGGRESSIVE;
				CLANG_CXX_LANGUAGE_STANDARD = "gnu++20";
				CLANG_ENABLE_MODULES = YES;
				CLANG_ENABLE_OBJC_ARC = YES;
				CLANG_ENABLE_OBJC_WEAK = YES;
				CLANG_WARN_BLOCK_CAPTURE_AUTORELEASING = YES;
				CLANG_WARN_BOOL_CONVERSION = YES;
				CLANG_WARN_COMMA = YES;
				CLANG_WARN_CONSTANT_CONVERSION = YES;
				CLANG_WARN_DEPRECATED_OBJC_IMPLEMENTATIONS = YES;
				CLANG_WARN_DIRECT_OBJC_ISA_USAGE = YES_ERROR;
				CLANG_WARN_DOCUMENTATION_COMMENTS = YES;
				CLANG_WARN_EMPTY_BODY = YES;
				CLANG_WARN_ENUM_CONVERSION = YES;
				CLANG_WARN_INFINITE_RECURSION = YES;
				CLANG_WARN_INT_CONVERSION = YES;
				CLANG_WARN_NON_LITERAL_NULL_CONVERSION = YES;
				CLANG_WARN_OBJC_IMPLICIT_RETAIN_SELF = YES;
				CLANG_WARN_OBJC_LITERAL_CONVERSION = YES;
				CLANG_WARN_OBJC_ROOT_CLASS = YES_ERROR;
				CLANG_WARN_QUOTED_INCLUDE_IN_FRAMEWORK_HEADER = YES;
				CLANG_WARN_RANGE_LOOP_ANALYSIS = YES;
				CLANG_WARN_STRICT_PROTOTYPES = YES;
				CLANG_WARN_SUSPICIOUS_MOVE = YES;
				CLANG_WARN_UNGUARDED_AVAILABILITY = YES_AGGRESSIVE;
				CLANG_WARN_UNREACHABLE_CODE = YES;
				CLANG_WARN__DUPLICATE_METHOD_MATCH = YES;
				COPY_PHASE_STRIP = NO;
				DEBUG_INFORMATION_FORMAT = dwarf;
				ENABLE_STRICT_OBJC_MSGSEND = YES;
				ENABLE_TESTABILITY = YES;
				GCC_C_LANGUAGE_STANDARD = gnu11;
				GCC_DYNAMIC_NO_PIC = NO;
				GCC_NO_COMMON_BLOCKS = YES;
				GCC_OPTIMIZATION_LEVEL = 0;
				GCC_PREPROCESSOR_DEFINITIONS = (
					"DEBUG=1",
					"$(inherited)",
				);
				GCC_WARN_64_TO_32_BIT_CONVERSION = YES;
				GCC_WARN_ABOUT_RETURN_TYPE = YES_ERROR;
				GCC_WARN_UNDECLARED_SELECTOR = YES;
				GCC_WARN_UNINITIALIZED_AUTOS = YES_AGGRESSIVE;
				GCC_WARN_UNUSED_FUNCTION = YES;
				GCC_WARN_UNUSED_VARIABLE = YES;
				MACOSX_DEPLOYMENT_TARGET = 13.3;
				MTL_ENABLE_DEBUG_INFO = INCLUDE_SOURCE;
				MTL_FAST_MATH = YES;
				ONLY_ACTIVE_ARCH = YES;
				SDKROOT = macosx;
			};
			name = Debug;
		};
		746B4C332B6990D8007AF739 /* Release */ = {
			isa = XCBuildConfiguration;
			buildSettings = {
				ALWAYS_SEARCH_USER_PATHS = NO;
				CLANG_ANALYZER_NONNULL = YES;
				CLANG_ANALYZER_NUMBER_OBJECT_CONVERSION = YES_AGGRESSIVE;
				CLANG_CXX_LANGUAGE_STANDARD = "gnu++20";
				CLANG_ENABLE_MODULES = YES;
				CLANG_ENABLE_OBJC_ARC = YES;
				CLANG_ENABLE_OBJC_WEAK = YES;
				CLANG_WARN_BLOCK_CAPTURE_AUTORELEASING = YES;
				CLANG_WARN_BOOL_CONVERSION = YES;
				CLANG_WARN_COMMA = YES;
				CLANG_WARN_CONSTANT_CONVERSION = YES;
				CLANG_WARN_DEPRECATED_OBJC_IMPLEMENTATIONS = YES;
				CLANG_WARN_DIRECT_OBJC_ISA_USAGE = YES_ERROR;
				CLANG_WARN_DOCUMENTATION_COMMENTS = YES;
				CLANG_WARN_EMPTY_BODY = YES;
				CLANG_WARN_ENUM_CONVERSION = YES;
				CLANG_WARN_INFINITE_RECURSION = YES;
				CLANG_WARN_INT_CONVERSION = YES;
				CLANG_WARN_NON_LITERAL_NULL_CONVERSION = YES;
				CLANG_WARN_OBJC_IMPLICIT_RETAIN_SELF = YES;
				CLANG_WARN_OBJC_LITERAL_CONVERSION = YES;
				CLANG_WARN_OBJC_ROOT_CLASS = YES_ERROR;
				CLANG_WARN_QUOTED_INCLUDE_IN_FRAMEWORK_HEADER = YES;
				CLANG_WARN_RANGE_LOOP_ANALYSIS = YES;
				CLANG_WARN_STRICT_PROTOTYPES = YES;
				CLANG_WARN_SUSPICIOUS_MOVE = YES;
				CLANG_WARN_UNGUARDED_AVAILABILITY = YES_AGGRESSIVE;
				CLANG_WARN_UNREACHABLE_CODE = YES;
				CLANG_WARN__DUPLICATE_METHOD_MATCH = YES;
				COPY_PHASE_STRIP = NO;
				DEBUG_INFORMATION_FORMAT = "dwarf-with-dsym";
				ENABLE_NS_ASSERTIONS = NO;
				ENABLE_STRICT_OBJC_MSGSEND = YES;
				GCC_C_LANGUAGE_STANDARD = gnu11;
				GCC_NO_COMMON_BLOCKS = YES;
				GCC_WARN_64_TO_32_BIT_CONVERSION = YES;
				GCC_WARN_ABOUT_RETURN_TYPE = YES_ERROR;
				GCC_WARN_UNDECLARED_SELECTOR = YES;
				GCC_WARN_UNINITIALIZED_AUTOS = YES_AGGRESSIVE;
				GCC_WARN_UNUSED_FUNCTION = YES;
				GCC_WARN_UNUSED_VARIABLE = YES;
				MACOSX_DEPLOYMENT_TARGET = 13.3;
				MTL_ENABLE_DEBUG_INFO = NO;
				MTL_FAST_MATH = YES;
				SDKROOT = macosx;
			};
			name = Release;
		};
		746B4C352B6990D8007AF739 /* Debug */ = {
			isa = XCBuildConfiguration;
			buildSettings = {
				CODE_SIGN_STYLE = Automatic;
				PRODUCT_NAME = "$(TARGET_NAME)";
			};
			name = Debug;
		};
		746B4C362B6990D8007AF739 /* Release */ = {
			isa = XCBuildConfiguration;
			buildSettings = {
				CODE_SIGN_STYLE = Automatic;
				PRODUCT_NAME = "$(TARGET_NAME)";
			};
			name = Release;
		};
/* End XCBuildConfiguration section */

/* Begin XCConfigurationList section */
		746B4C282B6990D8007AF739 /* Build configuration list for PBXProject "HW4" */ = {
			isa = XCConfigurationList;
			buildConfigurations = (
				746B4C322B6990D8007AF739 /* Debug */,
				746B4C332B6990D8007AF739 /* Release */,
			);
			defaultConfigurationIsVisible = 0;
			defaultConfigurationName = Release;
		};
		746B4C342B6990D8007AF739 /* Build configuration list for PBXNativeTarget "HW4" */ = {
			isa = XCConfigurationList;
			buildConfigurations = (
				746B4C352B6990D8007AF739 /* Debug */,
				746B4C362B6990D8007AF739 /* Release */,
			);
			defaultConfigurationIsVisible = 0;
			defaultConfigurationName = Release;
		};
/* End XCConfigurationList section */
	};
	rootObject = 746B4C252B6990D8007AF739 /* Project object */;
}
